
Microsoft Visual Studio Solution File, Format Version 12.00
# Visual Studio Version 17
VisualStudioVersion = 17.8.34525.116
MinimumVisualStudioVersion = 10.0.40219.1
Project("{54A90642-561A-4BB1-A94E-469ADEE60C69}") = "AngularProject10", "AngularProject10\AngularProject10.esproj", "{37A7D771-CB8F-481B-8171-B941B48ABB43}"
EndProject
Global
	GlobalSection(SolutionConfigurationPlatforms) = preSolution
		Debug|Any CPU = Debug|Any CPU
		Release|Any CPU = Release|Any CPU
	EndGlobalSection
	GlobalSection(ProjectConfigurationPlatforms) = postSolution
		{37A7D771-CB8F-481B-8171-B941B48ABB43}.Debug|Any CPU.ActiveCfg = Debug|Any CPU
		{37A7D771-CB8F-481B-8171-B941B48ABB43}.Debug|Any CPU.Build.0 = Debug|Any CPU
		{37A7D771-CB8F-481B-8171-B941B48ABB43}.Debug|Any CPU.Deploy.0 = Debug|Any CPU
		{37A7D771-CB8F-481B-8171-B941B48ABB43}.Release|Any CPU.ActiveCfg = Release|Any CPU
		{37A7D771-CB8F-481B-8171-B941B48ABB43}.Release|Any CPU.Build.0 = Release|Any CPU
		{37A7D771-CB8F-481B-8171-B941B48ABB43}.Release|Any CPU.Deploy.0 = Release|Any CPU
	EndGlobalSection
	GlobalSection(SolutionProperties) = preSolution
		HideSolutionNode = FALSE
	EndGlobalSection
	GlobalSection(ExtensibilityGlobals) = postSolution
		SolutionGuid = {B80B2287-9493-437D-8D35-F311505A7885}
	EndGlobalSection
EndGlobal
